Microsoft Visual Studio Solution File, Format Version 12.00
# Visual Studio Version 17
VisualStudioVersion = 17.0.31903.59
MinimumVisualStudioVersion = 10.0.40219.1
Project("{9A19103F-16F7-4668-BE54-9A1E7A4F7556}") = "JiraTool", "JiraTool\JiraTool.csproj", "{580B13D1-F2CE-4F92-A1D5-11FF3C49B2D2}"
EndProject
Global
	GlobalSection(SolutionConfigurationPlatforms) = preSolution
		Debug|Any CPU = Debug|Any CPU
		Release|Any CPU = Release|Any CPU
	EndGlobalSection
	GlobalSection(ProjectConfigurationPlatforms) = postSolution
		{580B13D1-F2CE-4F92-A1D5-11FF3C49B2D2}.Debug|Any CPU.ActiveCfg = Debug|Any CPU
		{580B13D1-F2CE-4F92-A1D5-11FF3C49B2D2}.Debug|Any CPU.Build.0 = Debug|Any CPU
		{580B13D1-F2CE-4F92-A1D5-11FF3C49B2D2}.Release|Any CPU.ActiveCfg = Release|Any CPU
		{580B13D1-F2CE-4F92-A1D5-11FF3C49B2D2}.Release|Any CPU.Build.0 = Release|Any CPU
	EndGlobalSection
	GlobalSection(SolutionProperties) = preSolution
		HideSolutionNode = FALSE
	EndGlobalSection
	GlobalSection(ExtensibilityGlobals) = postSolution
		SolutionGuid = {CA3BACF8-1DB0-47F9-B6A9-9F7DBFDCF391}
	EndGlobalSection
EndGlobal
